
Microsoft Visual Studio Solution File, Format Version 12.00
# Visual Studio 14
VisualStudioVersion = 14.0.25420.1
MinimumVisualStudioVersion = 10.0.40219.1
Project("{F184B08F-C81C-45F6-A57F-5ABD9991F28F}") = "ServiceTicker", "ServiceTicker\ServiceTicker.vbproj", "{C8361B57-1808-4DDE-8BC5-3FBDF612F367}"
EndProject
Global
	GlobalSection(Performance) = preSolution
		HasPerformanceSessions = true
	EndGlobalSection
	GlobalSection(SolutionConfigurationPlatforms) = preSolution
		CD_ROM|Any CPU = CD_ROM|Any CPU
		Debug|Any CPU = Debug|Any CPU
		DVD-5|Any CPU = DVD-5|Any CPU
		Release|Any CPU = Release|Any CPU
		SingleImage|Any CPU = SingleImage|Any CPU
	EndGlobalSection
	GlobalSection(ProjectConfigurationPlatforms) = postSolution
		{C8361B57-1808-4DDE-8BC5-3FBDF612F367}.CD_ROM|Any CPU.ActiveCfg = Release|Any CPU
		{C8361B57-1808-4DDE-8BC5-3FBDF612F367}.CD_ROM|Any CPU.Build.0 = Release|Any CPU
		{C8361B57-1808-4DDE-8BC5-3FBDF612F367}.Debug|Any CPU.ActiveCfg = Debug|Any CPU
		{C8361B57-1808-4DDE-8BC5-3FBDF612F367}.Debug|Any CPU.Build.0 = Debug|Any CPU
		{C8361B57-1808-4DDE-8BC5-3FBDF612F367}.DVD-5|Any CPU.ActiveCfg = Debug|Any CPU
		{C8361B57-1808-4DDE-8BC5-3FBDF612F367}.DVD-5|Any CPU.Build.0 = Debug|Any CPU
		{C8361B57-1808-4DDE-8BC5-3FBDF612F367}.Release|Any CPU.ActiveCfg = Release|Any CPU
		{C8361B57-1808-4DDE-8BC5-3FBDF612F367}.Release|Any CPU.Build.0 = Release|Any CPU
		{C8361B57-1808-4DDE-8BC5-3FBDF612F367}.SingleImage|Any CPU.ActiveCfg = Release|Any CPU
		{C8361B57-1808-4DDE-8BC5-3FBDF612F367}.SingleImage|Any CPU.Build.0 = Release|Any CPU
	EndGlobalSection
	GlobalSection(SolutionProperties) = preSolution
		HideSolutionNode = FALSE
	EndGlobalSection
EndGlobal
